
Microsoft Visual Studio Solution File, Format Version 12.00
# Visual Studio Version 16
VisualStudioVersion = 16.0.31424.327
MinimumVisualStudioVersion = 10.0.40219.1
Project("{FAE04EC0-301F-11D3-BF4B-00C04F79EFBC}") = "Zad1", "Zad1\Zad1.csproj", "{6AB88C01-BEE0-48CA-97C6-65E828FF701C}"
EndProject
Global
	GlobalSection(SolutionConfigurationPlatforms) = preSolution
		Debug|Any CPU = Debug|Any CPU
		Release|Any CPU = Release|Any CPU
	EndGlobalSection
	GlobalSection(ProjectConfigurationPlatforms) = postSolution
		{6AB88C01-BEE0-48CA-97C6-65E828FF701C}.Debug|Any CPU.ActiveCfg = Debug|Any CPU
		{6AB88C01-BEE0-48CA-97C6-65E828FF701C}.Debug|Any CPU.Build.0 = Debug|Any CPU
		{6AB88C01-BEE0-48CA-97C6-65E828FF701C}.Release|Any CPU.ActiveCfg = Release|Any CPU
		{6AB88C01-BEE0-48CA-97C6-65E828FF701C}.Release|Any CPU.Build.0 = Release|Any CPU
	EndGlobalSection
	GlobalSection(SolutionProperties) = preSolution
		HideSolutionNode = FALSE
	EndGlobalSection
	GlobalSection(ExtensibilityGlobals) = postSolution
		SolutionGuid = {BA766AC0-439A-4285-B529-01BD24A75D80}
	EndGlobalSection
EndGlobal
